
Microsoft Visual Studio Solution File, Format Version 11.00
# Visual Studio 2010
Project("{FAE04EC0-301F-11D3-BF4B-00C04F79EFBC}") = "UnityEngine.UI", "UnityEngine.UI.csproj", "{84547986-33ca-12e9-bdcc-6c8989f20ae9}"
EndProject
Project("{FAE04EC0-301F-11D3-BF4B-00C04F79EFBC}") = "UnityEditor.UI", "UnityEditor.UI.csproj", "{73b968fc-92dd-fc93-3253-772f727839fa}"
EndProject
Global
	GlobalSection(SolutionConfigurationPlatforms) = preSolution
		Debug|Any CPU = Debug|Any CPU
	EndGlobalSection
	GlobalSection(ProjectConfigurationPlatforms) = postSolution
		{84547986-33ca-12e9-bdcc-6c8989f20ae9}.Debug|Any CPU.ActiveCfg = Debug|Any CPU
		{84547986-33ca-12e9-bdcc-6c8989f20ae9}.Debug|Any CPU.Build.0 = Debug|Any CPU
		{73b968fc-92dd-fc93-3253-772f727839fa}.Debug|Any CPU.ActiveCfg = Debug|Any CPU
		{73b968fc-92dd-fc93-3253-772f727839fa}.Debug|Any CPU.Build.0 = Debug|Any CPU
	EndGlobalSection
	GlobalSection(SolutionProperties) = preSolution
		HideSolutionNode = FALSE
	EndGlobalSection
EndGlobal
